
Microsoft Visual Studio Solution File, Format Version 12.00
# Visual Studio Version 16
VisualStudioVersion = 16.0.33529.622
MinimumVisualStudioVersion = 10.0.40219.1
Project("{FAE04EC0-301F-11D3-BF4B-00C04F79EFBC}") = "Microsoft.RPaasPaulaTest", "Microsoft.RPaasPaulaTest.csproj", "{563D17F5-3382-4FA3-BC69-F5ABB537169D}"
EndProject
Global
	GlobalSection(SolutionConfigurationPlatforms) = preSolution
		Debug|Any CPU = Debug|Any CPU
		Release|Any CPU = Release|Any CPU
	EndGlobalSection
	GlobalSection(ProjectConfigurationPlatforms) = postSolution
		{563D17F5-3382-4FA3-BC69-F5ABB537169D}.Debug|Any CPU.ActiveCfg = Debug|Any CPU
		{563D17F5-3382-4FA3-BC69-F5ABB537169D}.Debug|Any CPU.Build.0 = Debug|Any CPU
		{563D17F5-3382-4FA3-BC69-F5ABB537169D}.Release|Any CPU.ActiveCfg = Release|Any CPU
		{563D17F5-3382-4FA3-BC69-F5ABB537169D}.Release|Any CPU.Build.0 = Release|Any CPU
	EndGlobalSection
	GlobalSection(SolutionProperties) = preSolution
		HideSolutionNode = FALSE
	EndGlobalSection
	GlobalSection(ExtensibilityGlobals) = postSolution
		SolutionGuid = {DFB4B7B1-8760-490D-9967-FED36E8FD459}
	EndGlobalSection
EndGlobal
